
Microsoft Visual Studio Solution File, Format Version 12.00
# Visual Studio 15
VisualStudioVersion = 15.0.28307.136
MinimumVisualStudioVersion = 10.0.40219.1
Project("{9A19103F-16F7-4668-BE54-9A1E7A4F7556}") = "DungeonMastersPlayground", "DungeonMastersPlayground\DungeonMastersPlayground.csproj", "{8BF8FD4F-28BE-48AA-89E2-EAB6A891589A}"
EndProject
Project("{9A19103F-16F7-4668-BE54-9A1E7A4F7556}") = "5eScraper", "5eScraper\5eScraper.csproj", "{909526A0-2399-41A0-82D3-A4A89B2E22DE}"
EndProject
Project("{FAE04EC0-301F-11D3-BF4B-00C04F79EFBC}") = "DungeonMastersApi", "DungeonMastersApi\DungeonMastersApi.csproj", "{4640ACEA-0C6E-4F56-9052-D09215D8478C}"
EndProject
Project("{FAE04EC0-301F-11D3-BF4B-00C04F79EFBC}") = "DMP", "DMP\DMP.csproj", "{048BE772-EA0A-4C57-ACFC-0B1FA3B6A2EF}"
EndProject
Global
	GlobalSection(SolutionConfigurationPlatforms) = preSolution
		Debug|Any CPU = Debug|Any CPU
		Release|Any CPU = Release|Any CPU
	EndGlobalSection
	GlobalSection(ProjectConfigurationPlatforms) = postSolution
		{8BF8FD4F-28BE-48AA-89E2-EAB6A891589A}.Debug|Any CPU.ActiveCfg = Debug|Any CPU
		{8BF8FD4F-28BE-48AA-89E2-EAB6A891589A}.Debug|Any CPU.Build.0 = Debug|Any CPU
		{8BF8FD4F-28BE-48AA-89E2-EAB6A891589A}.Release|Any CPU.ActiveCfg = Release|Any CPU
		{8BF8FD4F-28BE-48AA-89E2-EAB6A891589A}.Release|Any CPU.Build.0 = Release|Any CPU
		{909526A0-2399-41A0-82D3-A4A89B2E22DE}.Debug|Any CPU.ActiveCfg = Debug|Any CPU
		{909526A0-2399-41A0-82D3-A4A89B2E22DE}.Debug|Any CPU.Build.0 = Debug|Any CPU
		{909526A0-2399-41A0-82D3-A4A89B2E22DE}.Release|Any CPU.ActiveCfg = Release|Any CPU
		{909526A0-2399-41A0-82D3-A4A89B2E22DE}.Release|Any CPU.Build.0 = Release|Any CPU
		{4640ACEA-0C6E-4F56-9052-D09215D8478C}.Debug|Any CPU.ActiveCfg = Debug|Any CPU
		{4640ACEA-0C6E-4F56-9052-D09215D8478C}.Debug|Any CPU.Build.0 = Debug|Any CPU
		{4640ACEA-0C6E-4F56-9052-D09215D8478C}.Release|Any CPU.ActiveCfg = Release|Any CPU
		{4640ACEA-0C6E-4F56-9052-D09215D8478C}.Release|Any CPU.Build.0 = Release|Any CPU
		{048BE772-EA0A-4C57-ACFC-0B1FA3B6A2EF}.Debug|Any CPU.ActiveCfg = Debug|Any CPU
		{048BE772-EA0A-4C57-ACFC-0B1FA3B6A2EF}.Debug|Any CPU.Build.0 = Debug|Any CPU
		{048BE772-EA0A-4C57-ACFC-0B1FA3B6A2EF}.Release|Any CPU.ActiveCfg = Release|Any CPU
		{048BE772-EA0A-4C57-ACFC-0B1FA3B6A2EF}.Release|Any CPU.Build.0 = Release|Any CPU
	EndGlobalSection
	GlobalSection(SolutionProperties) = preSolution
		HideSolutionNode = FALSE
	EndGlobalSection
	GlobalSection(ExtensibilityGlobals) = postSolution
		SolutionGuid = {99A88FB8-918E-4103-B8D9-C4C57966DBE0}
	EndGlobalSection
EndGlobal
